
Microsoft Visual Studio Solution File, Format Version 12.00
# Visual Studio Version 17
VisualStudioVersion = 17.9.34728.123
MinimumVisualStudioVersion = 10.0.40219.1
Project("{FAE04EC0-301F-11D3-BF4B-00C04F79EFBC}") = "InovaRecorder", "InovaRecorder.csproj", "{77987EDC-E4E1-4F44-936B-81E88AA956D3}"
EndProject
Global
	GlobalSection(SolutionConfigurationPlatforms) = preSolution
		Debug|Any CPU = Debug|Any CPU
		Release|Any CPU = Release|Any CPU
	EndGlobalSection
	GlobalSection(ProjectConfigurationPlatforms) = postSolution
		{77987EDC-E4E1-4F44-936B-81E88AA956D3}.Debug|Any CPU.ActiveCfg = Debug|Any CPU
		{77987EDC-E4E1-4F44-936B-81E88AA956D3}.Debug|Any CPU.Build.0 = Debug|Any CPU
		{77987EDC-E4E1-4F44-936B-81E88AA956D3}.Release|Any CPU.ActiveCfg = Release|Any CPU
		{77987EDC-E4E1-4F44-936B-81E88AA956D3}.Release|Any CPU.Build.0 = Release|Any CPU
	EndGlobalSection
	GlobalSection(SolutionProperties) = preSolution
		HideSolutionNode = FALSE
	EndGlobalSection
	GlobalSection(ExtensibilityGlobals) = postSolution
		SolutionGuid = {D0164703-0F5E-4AA9-85AD-535F31F1645B}
	EndGlobalSection
EndGlobal
